{
  "name": "Assignments",
  "lockfileVersion": 3,
  "requires": true,
  "packages": {
    "": {
      "dependencies": {
        "alertifyjs": "^1.14.0"
      }
    },
    "node_modules/alertifyjs": {
      "version": "1.14.0",
      "resolved": "https://registry.npmjs.org/alertifyjs/-/alertifyjs-1.14.0.tgz",
      "integrity": "sha512-jUxJTcNYhJ2P1Wal73nmyTwMkaPim4PjZP9CAG+S8SK2SinraXxvOxnPrEY81/wc2iBPDFBP7mdg61db4WsuHQ=="
    }
  }
}
